
Microsoft Visual Studio Solution File, Format Version 12.00
# Visual Studio Version 16
VisualStudioVersion = 16.0.31729.503
MinimumVisualStudioVersion = 10.0.40219.1
Project("{FAE04EC0-301F-11D3-BF4B-00C04F79EFBC}") = "MPGProj", "MPGProj.csproj", "{FB0EF459-D44C-4861-BA99-33E2DB6B0FE2}"
EndProject
Project("{9A19103F-16F7-4668-BE54-9A1E7A4F7556}") = "ModbusModule", "..\ModbusSim\ModbusModule\ModbusModule.csproj", "{B38CB5FF-E418-493B-B33E-8470121A8346}"
EndProject
Project("{9A19103F-16F7-4668-BE54-9A1E7A4F7556}") = "ModbusLib", "..\ModbusSim\ModbusLib\ModbusLib.csproj", "{B9DBD253-0C99-4DEB-91FB-E14E1ACD2789}"
EndProject
Project("{9A19103F-16F7-4668-BE54-9A1E7A4F7556}") = "MessageQueuesSimulator", "..\ModbusSim\MessageQueuesSimulator\MessageQueuesSimulator.csproj", "{B3F103DD-E1C6-4E71-A221-C83843A9ADD5}"
EndProject
Project("{9A19103F-16F7-4668-BE54-9A1E7A4F7556}") = "MessageQueuesController", "..\ModbusSim\MessageQueuesController\MessageQueuesController.csproj", "{DC77A687-3470-4500-B405-3DA9AFF974EB}"
EndProject
Project("{9A19103F-16F7-4668-BE54-9A1E7A4F7556}") = "CSVImporterTest", "..\ModbusSim\CSVImporterTest\CSVImporterTest.csproj", "{94363B2E-AD05-45A3-BADB-F20626AC3FCB}"
EndProject
Project("{9A19103F-16F7-4668-BE54-9A1E7A4F7556}") = "CSVImporter", "..\ModbusSim\CSVImport\CSVImporter.csproj", "{E79EDD2E-4043-4034-AD0C-CF92564149D3}"
EndProject
Project("{9A19103F-16F7-4668-BE54-9A1E7A4F7556}") = "DataEntity", "..\MPGPrinter\DataEntity\DataEntity.csproj", "{076358A9-8064-42E1-95F5-7161E06ADBBF}"
EndProject
Project("{9A19103F-16F7-4668-BE54-9A1E7A4F7556}") = "PrinterDll", "..\MPGPrinter\PrinterDLL\PrinterDll.csproj", "{C3F9844E-D625-42C7-B25C-17CC0330BA35}"
EndProject
Project("{9A19103F-16F7-4668-BE54-9A1E7A4F7556}") = "PrinterTest", "..\MPGPrinter\PrinterTest\PrinterTest.csproj", "{C980695B-6CEA-4CF7-9096-FCED7528D51E}"
EndProject
Global
	GlobalSection(SolutionConfigurationPlatforms) = preSolution
		Debug|Any CPU = Debug|Any CPU
		Debug|x64 = Debug|x64
		Debug|x86 = Debug|x86
		Release|Any CPU = Release|Any CPU
		Release|x64 = Release|x64
		Release|x86 = Release|x86
	EndGlobalSection
	GlobalSection(ProjectConfigurationPlatforms) = postSolution
		{FB0EF459-D44C-4861-BA99-33E2DB6B0FE2}.Debug|Any CPU.ActiveCfg = Debug|Any CPU
		{FB0EF459-D44C-4861-BA99-33E2DB6B0FE2}.Debug|Any CPU.Build.0 = Debug|Any CPU
		{FB0EF459-D44C-4861-BA99-33E2DB6B0FE2}.Debug|x64.ActiveCfg = Debug|Any CPU
		{FB0EF459-D44C-4861-BA99-33E2DB6B0FE2}.Debug|x64.Build.0 = Debug|Any CPU
		{FB0EF459-D44C-4861-BA99-33E2DB6B0FE2}.Debug|x86.ActiveCfg = Debug|Any CPU
		{FB0EF459-D44C-4861-BA99-33E2DB6B0FE2}.Debug|x86.Build.0 = Debug|Any CPU
		{FB0EF459-D44C-4861-BA99-33E2DB6B0FE2}.Release|Any CPU.ActiveCfg = Release|Any CPU
		{FB0EF459-D44C-4861-BA99-33E2DB6B0FE2}.Release|Any CPU.Build.0 = Release|Any CPU
		{FB0EF459-D44C-4861-BA99-33E2DB6B0FE2}.Release|x64.ActiveCfg = Release|Any CPU
		{FB0EF459-D44C-4861-BA99-33E2DB6B0FE2}.Release|x64.Build.0 = Release|Any CPU
		{FB0EF459-D44C-4861-BA99-33E2DB6B0FE2}.Release|x86.ActiveCfg = Release|Any CPU
		{FB0EF459-D44C-4861-BA99-33E2DB6B0FE2}.Release|x86.Build.0 = Release|Any CPU
		{B38CB5FF-E418-493B-B33E-8470121A8346}.Debug|Any CPU.ActiveCfg = Debug|Any CPU
		{B38CB5FF-E418-493B-B33E-8470121A8346}.Debug|Any CPU.Build.0 = Debug|Any CPU
		{B38CB5FF-E418-493B-B33E-8470121A8346}.Debug|x64.ActiveCfg = Debug|Any CPU
		{B38CB5FF-E418-493B-B33E-8470121A8346}.Debug|x64.Build.0 = Debug|Any CPU
		{B38CB5FF-E418-493B-B33E-8470121A8346}.Debug|x86.ActiveCfg = Debug|Any CPU
		{B38CB5FF-E418-493B-B33E-8470121A8346}.Debug|x86.Build.0 = Debug|Any CPU
		{B38CB5FF-E418-493B-B33E-8470121A8346}.Release|Any CPU.ActiveCfg = Release|Any CPU
		{B38CB5FF-E418-493B-B33E-8470121A8346}.Release|Any CPU.Build.0 = Release|Any CPU
		{B38CB5FF-E418-493B-B33E-8470121A8346}.Release|x64.ActiveCfg = Release|Any CPU
		{B38CB5FF-E418-493B-B33E-8470121A8346}.Release|x64.Build.0 = Release|Any CPU
		{B38CB5FF-E418-493B-B33E-8470121A8346}.Release|x86.ActiveCfg = Release|Any CPU
		{B38CB5FF-E418-493B-B33E-8470121A8346}.Release|x86.Build.0 = Release|Any CPU
		{B9DBD253-0C99-4DEB-91FB-E14E1ACD2789}.Debug|Any CPU.ActiveCfg = Debug|Any CPU
		{B9DBD253-0C99-4DEB-91FB-E14E1ACD2789}.Debug|Any CPU.Build.0 = Debug|Any CPU
		{B9DBD253-0C99-4DEB-91FB-E14E1ACD2789}.Debug|x64.ActiveCfg = Debug|Any CPU
		{B9DBD253-0C99-4DEB-91FB-E14E1ACD2789}.Debug|x64.Build.0 = Debug|Any CPU
		{B9DBD253-0C99-4DEB-91FB-E14E1ACD2789}.Debug|x86.ActiveCfg = Debug|Any CPU
		{B9DBD253-0C99-4DEB-91FB-E14E1ACD2789}.Debug|x86.Build.0 = Debug|Any CPU
		{B9DBD253-0C99-4DEB-91FB-E14E1ACD2789}.Release|Any CPU.ActiveCfg = Release|Any CPU
		{B9DBD253-0C99-4DEB-91FB-E14E1ACD2789}.Release|Any CPU.Build.0 = Release|Any CPU
		{B9DBD253-0C99-4DEB-91FB-E14E1ACD2789}.Release|x64.ActiveCfg = Release|Any CPU
		{B9DBD253-0C99-4DEB-91FB-E14E1ACD2789}.Release|x64.Build.0 = Release|Any CPU
		{B9DBD253-0C99-4DEB-91FB-E14E1ACD2789}.Release|x86.ActiveCfg = Release|Any CPU
		{B9DBD253-0C99-4DEB-91FB-E14E1ACD2789}.Release|x86.Build.0 = Release|Any CPU
		{B3F103DD-E1C6-4E71-A221-C83843A9ADD5}.Debug|Any CPU.ActiveCfg = Debug|Any CPU
		{B3F103DD-E1C6-4E71-A221-C83843A9ADD5}.Debug|Any CPU.Build.0 = Debug|Any CPU
		{B3F103DD-E1C6-4E71-A221-C83843A9ADD5}.Debug|x64.ActiveCfg = Debug|Any CPU
		{B3F103DD-E1C6-4E71-A221-C83843A9ADD5}.Debug|x64.Build.0 = Debug|Any CPU
		{B3F103DD-E1C6-4E71-A221-C83843A9ADD5}.Debug|x86.ActiveCfg = Debug|Any CPU
		{B3F103DD-E1C6-4E71-A221-C83843A9ADD5}.Debug|x86.Build.0 = Debug|Any CPU
		{B3F103DD-E1C6-4E71-A221-C83843A9ADD5}.Release|Any CPU.ActiveCfg = Release|Any CPU
		{B3F103DD-E1C6-4E71-A221-C83843A9ADD5}.Release|Any CPU.Build.0 = Release|Any CPU
		{B3F103DD-E1C6-4E71-A221-C83843A9ADD5}.Release|x64.ActiveCfg = Release|Any CPU
		{B3F103DD-E1C6-4E71-A221-C83843A9ADD5}.Release|x64.Build.0 = Release|Any CPU
		{B3F103DD-E1C6-4E71-A221-C83843A9ADD5}.Release|x86.ActiveCfg = Release|Any CPU
		{B3F103DD-E1C6-4E71-A221-C83843A9ADD5}.Release|x86.Build.0 = Release|Any CPU
		{DC77A687-3470-4500-B405-3DA9AFF974EB}.Debug|Any CPU.ActiveCfg = Debug|Any CPU
		{DC77A687-3470-4500-B405-3DA9AFF974EB}.Debug|Any CPU.Build.0 = Debug|Any CPU
		{DC77A687-3470-4500-B405-3DA9AFF974EB}.Debug|x64.ActiveCfg = Debug|Any CPU
		{DC77A687-3470-4500-B405-3DA9AFF974EB}.Debug|x64.Build.0 = Debug|Any CPU
		{DC77A687-3470-4500-B405-3DA9AFF974EB}.Debug|x86.ActiveCfg = Debug|Any CPU
		{DC77A687-3470-4500-B405-3DA9AFF974EB}.Debug|x86.Build.0 = Debug|Any CPU
		{DC77A687-3470-4500-B405-3DA9AFF974EB}.Release|Any CPU.ActiveCfg = Release|Any CPU
		{DC77A687-3470-4500-B405-3DA9AFF974EB}.Release|Any CPU.Build.0 = Release|Any CPU
		{DC77A687-3470-4500-B405-3DA9AFF974EB}.Release|x64.ActiveCfg = Release|Any CPU
		{DC77A687-3470-4500-B405-3DA9AFF974EB}.Release|x64.Build.0 = Release|Any CPU
		{DC77A687-3470-4500-B405-3DA9AFF974EB}.Release|x86.ActiveCfg = Release|Any CPU
		{DC77A687-3470-4500-B405-3DA9AFF974EB}.Release|x86.Build.0 = Release|Any CPU
		{94363B2E-AD05-45A3-BADB-F20626AC3FCB}.Debug|Any CPU.ActiveCfg = Debug|Any CPU
		{94363B2E-AD05-45A3-BADB-F20626AC3FCB}.Debug|Any CPU.Build.0 = Debug|Any CPU
		{94363B2E-AD05-45A3-BADB-F20626AC3FCB}.Debug|x64.ActiveCfg = Debug|Any CPU
		{94363B2E-AD05-45A3-BADB-F20626AC3FCB}.Debug|x64.Build.0 = Debug|Any CPU
		{94363B2E-AD05-45A3-BADB-F20626AC3FCB}.Debug|x86.ActiveCfg = Debug|Any CPU
		{94363B2E-AD05-45A3-BADB-F20626AC3FCB}.Debug|x86.Build.0 = Debug|Any CPU
		{94363B2E-AD05-45A3-BADB-F20626AC3FCB}.Release|Any CPU.ActiveCfg = Release|Any CPU
		{94363B2E-AD05-45A3-BADB-F20626AC3FCB}.Release|Any CPU.Build.0 = Release|Any CPU
		{94363B2E-AD05-45A3-BADB-F20626AC3FCB}.Release|x64.ActiveCfg = Release|Any CPU
		{94363B2E-AD05-45A3-BADB-F20626AC3FCB}.Release|x64.Build.0 = Release|Any CPU
		{94363B2E-AD05-45A3-BADB-F20626AC3FCB}.Release|x86.ActiveCfg = Release|Any CPU
		{94363B2E-AD05-45A3-BADB-F20626AC3FCB}.Release|x86.Build.0 = Release|Any CPU
		{E79EDD2E-4043-4034-AD0C-CF92564149D3}.Debug|Any CPU.ActiveCfg = Debug|Any CPU
		{E79EDD2E-4043-4034-AD0C-CF92564149D3}.Debug|Any CPU.Build.0 = Debug|Any CPU
		{E79EDD2E-4043-4034-AD0C-CF92564149D3}.Debug|x64.ActiveCfg = Debug|Any CPU
		{E79EDD2E-4043-4034-AD0C-CF92564149D3}.Debug|x64.Build.0 = Debug|Any CPU
		{E79EDD2E-4043-4034-AD0C-CF92564149D3}.Debug|x86.ActiveCfg = Debug|Any CPU
		{E79EDD2E-4043-4034-AD0C-CF92564149D3}.Debug|x86.Build.0 = Debug|Any CPU
		{E79EDD2E-4043-4034-AD0C-CF92564149D3}.Release|Any CPU.ActiveCfg = Release|Any CPU
		{E79EDD2E-4043-4034-AD0C-CF92564149D3}.Release|Any CPU.Build.0 = Release|Any CPU
		{E79EDD2E-4043-4034-AD0C-CF92564149D3}.Release|x64.ActiveCfg = Release|Any CPU
		{E79EDD2E-4043-4034-AD0C-CF92564149D3}.Release|x64.Build.0 = Release|Any CPU
		{E79EDD2E-4043-4034-AD0C-CF92564149D3}.Release|x86.ActiveCfg = Release|Any CPU
		{E79EDD2E-4043-4034-AD0C-CF92564149D3}.Release|x86.Build.0 = Release|Any CPU
		{076358A9-8064-42E1-95F5-7161E06ADBBF}.Debug|Any CPU.ActiveCfg = Debug|Any CPU
		{076358A9-8064-42E1-95F5-7161E06ADBBF}.Debug|Any CPU.Build.0 = Debug|Any CPU
		{076358A9-8064-42E1-95F5-7161E06ADBBF}.Debug|x64.ActiveCfg = Debug|Any CPU
		{076358A9-8064-42E1-95F5-7161E06ADBBF}.Debug|x64.Build.0 = Debug|Any CPU
		{076358A9-8064-42E1-95F5-7161E06ADBBF}.Debug|x86.ActiveCfg = Debug|Any CPU
		{076358A9-8064-42E1-95F5-7161E06ADBBF}.Debug|x86.Build.0 = Debug|Any CPU
		{076358A9-8064-42E1-95F5-7161E06ADBBF}.Release|Any CPU.ActiveCfg = Release|Any CPU
		{076358A9-8064-42E1-95F5-7161E06ADBBF}.Release|Any CPU.Build.0 = Release|Any CPU
		{076358A9-8064-42E1-95F5-7161E06ADBBF}.Release|x64.ActiveCfg = Release|Any CPU
		{076358A9-8064-42E1-95F5-7161E06ADBBF}.Release|x64.Build.0 = Release|Any CPU
		{076358A9-8064-42E1-95F5-7161E06ADBBF}.Release|x86.ActiveCfg = Release|Any CPU
		{076358A9-8064-42E1-95F5-7161E06ADBBF}.Release|x86.Build.0 = Release|Any CPU
		{C3F9844E-D625-42C7-B25C-17CC0330BA35}.Debug|Any CPU.ActiveCfg = Debug|Any CPU
		{C3F9844E-D625-42C7-B25C-17CC0330BA35}.Debug|Any CPU.Build.0 = Debug|Any CPU
		{C3F9844E-D625-42C7-B25C-17CC0330BA35}.Debug|x64.ActiveCfg = Debug|Any CPU
		{C3F9844E-D625-42C7-B25C-17CC0330BA35}.Debug|x64.Build.0 = Debug|Any CPU
		{C3F9844E-D625-42C7-B25C-17CC0330BA35}.Debug|x86.ActiveCfg = Debug|Any CPU
		{C3F9844E-D625-42C7-B25C-17CC0330BA35}.Debug|x86.Build.0 = Debug|Any CPU
		{C3F9844E-D625-42C7-B25C-17CC0330BA35}.Release|Any CPU.ActiveCfg = Release|Any CPU
		{C3F9844E-D625-42C7-B25C-17CC0330BA35}.Release|Any CPU.Build.0 = Release|Any CPU
		{C3F9844E-D625-42C7-B25C-17CC0330BA35}.Release|x64.ActiveCfg = Release|Any CPU
		{C3F9844E-D625-42C7-B25C-17CC0330BA35}.Release|x64.Build.0 = Release|Any CPU
		{C3F9844E-D625-42C7-B25C-17CC0330BA35}.Release|x86.ActiveCfg = Release|Any CPU
		{C3F9844E-D625-42C7-B25C-17CC0330BA35}.Release|x86.Build.0 = Release|Any CPU
		{C980695B-6CEA-4CF7-9096-FCED7528D51E}.Debug|Any CPU.ActiveCfg = Debug|Any CPU
		{C980695B-6CEA-4CF7-9096-FCED7528D51E}.Debug|Any CPU.Build.0 = Debug|Any CPU
		{C980695B-6CEA-4CF7-9096-FCED7528D51E}.Debug|x64.ActiveCfg = Debug|Any CPU
		{C980695B-6CEA-4CF7-9096-FCED7528D51E}.Debug|x64.Build.0 = Debug|Any CPU
		{C980695B-6CEA-4CF7-9096-FCED7528D51E}.Debug|x86.ActiveCfg = Debug|Any CPU
		{C980695B-6CEA-4CF7-9096-FCED7528D51E}.Debug|x86.Build.0 = Debug|Any CPU
		{C980695B-6CEA-4CF7-9096-FCED7528D51E}.Release|Any CPU.ActiveCfg = Release|Any CPU
		{C980695B-6CEA-4CF7-9096-FCED7528D51E}.Release|Any CPU.Build.0 = Release|Any CPU
		{C980695B-6CEA-4CF7-9096-FCED7528D51E}.Release|x64.ActiveCfg = Release|Any CPU
		{C980695B-6CEA-4CF7-9096-FCED7528D51E}.Release|x64.Build.0 = Release|Any CPU
		{C980695B-6CEA-4CF7-9096-FCED7528D51E}.Release|x86.ActiveCfg = Release|Any CPU
		{C980695B-6CEA-4CF7-9096-FCED7528D51E}.Release|x86.Build.0 = Release|Any CPU
	EndGlobalSection
	GlobalSection(SolutionProperties) = preSolution
		HideSolutionNode = FALSE
	EndGlobalSection
	GlobalSection(ExtensibilityGlobals) = postSolution
		SolutionGuid = {07567730-CD7C-4490-A454-6FEECEEFDB81}
	EndGlobalSection
EndGlobal
